
Microsoft Visual Studio Solution File, Format Version 12.00
# Visual Studio Version 17
VisualStudioVersion = 17.3.32825.248
MinimumVisualStudioVersion = 10.0.40219.1
Project("{FAE04EC0-301F-11D3-BF4B-00C04F79EFBC}") = "Q1", "Q1\Q1.csproj", "{4B71BBB4-63BE-4C4D-8890-1EB449B6EA00}"
EndProject
Global
	GlobalSection(SolutionConfigurationPlatforms) = preSolution
		Debug|Any CPU = Debug|Any CPU
		Release|Any CPU = Release|Any CPU
	EndGlobalSection
	GlobalSection(ProjectConfigurationPlatforms) = postSolution
		{4B71BBB4-63BE-4C4D-8890-1EB449B6EA00}.Debug|Any CPU.ActiveCfg = Debug|Any CPU
		{4B71BBB4-63BE-4C4D-8890-1EB449B6EA00}.Debug|Any CPU.Build.0 = Debug|Any CPU
		{4B71BBB4-63BE-4C4D-8890-1EB449B6EA00}.Release|Any CPU.ActiveCfg = Release|Any CPU
		{4B71BBB4-63BE-4C4D-8890-1EB449B6EA00}.Release|Any CPU.Build.0 = Release|Any CPU
	EndGlobalSection
	GlobalSection(SolutionProperties) = preSolution
		HideSolutionNode = FALSE
	EndGlobalSection
	GlobalSection(ExtensibilityGlobals) = postSolution
		SolutionGuid = {14B9F5BB-3C6D-4F02-9F4D-4B9D7D6577EA}
	EndGlobalSection
EndGlobal
